{
  "name": "clacks-tests",
  "version": "1.0.0",
  "lockfileVersion": 1,
  "requires": true,
  "dependencies": {
    "clacks-logger": {
      "version": "0.1.0",
      "resolved": "https://registry.npmjs.org/clacks-logger/-/clacks-logger-0.1.0.tgz",
      "integrity": "sha512-eD1b64t6hAXc5mP156bQLOfHID+EiUwLp6dTHxV8luWBWQtQ80jz1v5yX2I3vyz3A7fV5gah51ct7rmBdbhd1w=="
    },
    "clacks-p2p": {
      "version": "0.3.1",
      "resolved": "https://registry.npmjs.org/clacks-p2p/-/clacks-p2p-0.3.1.tgz",
      "integrity": "sha512-NcU9CfTAanNKr/6vnTGej3Erlw3db9TutgTPvh9vPrUIUcBcAe8tYYrnxPsrqLDS7mzceA//z91/3LCC5Fjm2g==",
      "requires": {
        "crypto-js": "^4.0.0"
      }
    },
    "crypto-js": {
      "version": "4.0.0",
      "resolved": "https://registry.npmjs.org/crypto-js/-/crypto-js-4.0.0.tgz",
      "integrity": "sha512-bzHZN8Pn+gS7DQA6n+iUmBfl0hO5DJq++QP3U6uTucDtk/0iGpXd/Gg7CGR0p8tJhofJyaKoWBuJI4eAO00BBg=="
    }
  }
}
